Microsoft Visual Studio Solution File, Format Version 12.00
# Visual Studio Version 17
VisualStudioVersion = 17.5.2.0
MinimumVisualStudioVersion = 10.0.40219.1
Project("{FAE04EC0-301F-11D3-BF4B-00C04F79EFBC}") = "Oefening 6 - avg.min.max", "Oefening 6 - avg.min.max.csproj", "{9DCA263B-145F-10DC-0C72-BC15B2157C75}"
EndProject
Global
	GlobalSection(SolutionConfigurationPlatforms) = preSolution
		Debug|Any CPU = Debug|Any CPU
		Release|Any CPU = Release|Any CPU
	EndGlobalSection
	GlobalSection(ProjectConfigurationPlatforms) = postSolution
		{9DCA263B-145F-10DC-0C72-BC15B2157C75}.Debug|Any CPU.ActiveCfg = Debug|Any CPU
		{9DCA263B-145F-10DC-0C72-BC15B2157C75}.Debug|Any CPU.Build.0 = Debug|Any CPU
		{9DCA263B-145F-10DC-0C72-BC15B2157C75}.Release|Any CPU.ActiveCfg = Release|Any CPU
		{9DCA263B-145F-10DC-0C72-BC15B2157C75}.Release|Any CPU.Build.0 = Release|Any CPU
	EndGlobalSection
	GlobalSection(SolutionProperties) = preSolution
		HideSolutionNode = FALSE
	EndGlobalSection
	GlobalSection(ExtensibilityGlobals) = postSolution
		SolutionGuid = {C6244F19-9D65-46B1-98B2-1388B29C66A0}
	EndGlobalSection
EndGlobal
